
Microsoft Visual Studio Solution File, Format Version 12.00
# Visual Studio 15
VisualStudioVersion = 15.0.27130.2036
MinimumVisualStudioVersion = 10.0.40219.1
Project("{FAE04EC0-301F-11D3-BF4B-00C04F79EFBC}") = "Lamelands", "Lamelands\Lamelands.csproj", "{7EC688AA-286E-4C2C-A70A-A39AFF213D27}"
EndProject
Global
	GlobalSection(SolutionConfigurationPlatforms) = preSolution
		Debug|Any CPU = Debug|Any CPU
		Release|Any CPU = Release|Any CPU
	EndGlobalSection
	GlobalSection(ProjectConfigurationPlatforms) = postSolution
		{7EC688AA-286E-4C2C-A70A-A39AFF213D27}.Debug|Any CPU.ActiveCfg = Debug|Any CPU
		{7EC688AA-286E-4C2C-A70A-A39AFF213D27}.Debug|Any CPU.Build.0 = Debug|Any CPU
		{7EC688AA-286E-4C2C-A70A-A39AFF213D27}.Release|Any CPU.ActiveCfg = Release|Any CPU
		{7EC688AA-286E-4C2C-A70A-A39AFF213D27}.Release|Any CPU.Build.0 = Release|Any CPU
	EndGlobalSection
	GlobalSection(SolutionProperties) = preSolution
		HideSolutionNode = FALSE
	EndGlobalSection
	GlobalSection(ExtensibilityGlobals) = postSolution
		SolutionGuid = {F52E9201-1262-4343-AD89-DEED76ED8BE4}
	EndGlobalSection
EndGlobal
